
Microsoft Visual Studio Solution File, Format Version 10.00
# Visual C++ Express 2008
Project("{8BC9CEB8-8B4A-11D0-8D11-00A0C91BC942}") = "PrettyOS", "PrettyOS.vcproj", "{8D4F172B-43E7-4981-A7C3-1B1A01F65BDB}"
EndProject
Global
	GlobalSection(SolutionConfigurationPlatforms) = preSolution
		Release|Win32 = Release|Win32
	EndGlobalSection
	GlobalSection(ProjectConfigurationPlatforms) = postSolution
		{8D4F172B-43E7-4981-A7C3-1B1A01F65BDB}.Release|Win32.ActiveCfg = Release|Win32
		{8D4F172B-43E7-4981-A7C3-1B1A01F65BDB}.Release|Win32.Build.0 = Release|Win32
	EndGlobalSection
	GlobalSection(SolutionProperties) = preSolution
		HideSolutionNode = TRUE
	EndGlobalSection
EndGlobal
