// !$*UTF8*$!
{
	archiveVersion = 1;
	classes = {
	};
	objectVersion = 45;
	objects = {

/* Begin PBXFileReference section */
		E0A1168B11D9E35E00B445C8 /* cdi.c */ = {isa = PBXFileReference; fileEncoding = 4; lastKnownFileType = sourcecode.c.c; path = cdi.c; sourceTree = "<group>"; };
		E0A1168C11D9E35E00B445C8 /* cdi_bios.c */ = {isa = PBXFileReference; fileEncoding = 4; lastKnownFileType = sourcecode.c.c; path = cdi_bios.c; sourceTree = "<group>"; };
		E0A1168D11D9E35E00B445C8 /* cdi_cache.c */ = {isa = PBXFileReference; fileEncoding = 4; lastKnownFileType = sourcecode.c.c; path = cdi_cache.c; sourceTree = "<group>"; };
		E0A1168E11D9E35E00B445C8 /* cdi_cmos.c */ = {isa = PBXFileReference; fileEncoding = 4; lastKnownFileType = sourcecode.c.c; path = cdi_cmos.c; sourceTree = "<group>"; };
		E0A1168F11D9E35E00B445C8 /* cdi_dma.c */ = {isa = PBXFileReference; fileEncoding = 4; lastKnownFileType = sourcecode.c.c; path = cdi_dma.c; sourceTree = "<group>"; };
		E0A1169011D9E35E00B445C8 /* cdi_fs.c */ = {isa = PBXFileReference; fileEncoding = 4; lastKnownFileType = sourcecode.c.c; path = cdi_fs.c; sourceTree = "<group>"; };
		E0A1169111D9E35E00B445C8 /* cdi_io.c */ = {isa = PBXFileReference; fileEncoding = 4; lastKnownFileType = sourcecode.c.c; path = cdi_io.c; sourceTree = "<group>"; };
		E0A1169211D9E35E00B445C8 /* cdi_lists.c */ = {isa = PBXFileReference; fileEncoding = 4; lastKnownFileType = sourcecode.c.c; path = cdi_lists.c; sourceTree = "<group>"; };
		E0A1169311D9E35E00B445C8 /* cdi_mem.c */ = {isa = PBXFileReference; fileEncoding = 4; lastKnownFileType = sourcecode.c.c; path = cdi_mem.c; sourceTree = "<group>"; };
		E0A1169411D9E35E00B445C8 /* cdi_mempool.c */ = {isa = PBXFileReference; fileEncoding = 4; lastKnownFileType = sourcecode.c.c; path = cdi_mempool.c; sourceTree = "<group>"; };
		E0A1169511D9E35E00B445C8 /* cdi_misc.c */ = {isa = PBXFileReference; fileEncoding = 4; lastKnownFileType = sourcecode.c.c; path = cdi_misc.c; sourceTree = "<group>"; };
		E0A1169611D9E35E00B445C8 /* cdi_net.c */ = {isa = PBXFileReference; fileEncoding = 4; lastKnownFileType = sourcecode.c.c; path = cdi_net.c; sourceTree = "<group>"; };
		E0A1169711D9E35E00B445C8 /* cdi_pci.c */ = {isa = PBXFileReference; fileEncoding = 4; lastKnownFileType = sourcecode.c.c; path = cdi_pci.c; sourceTree = "<group>"; };
		E0A1169811D9E35E00B445C8 /* cdi_scsi.c */ = {isa = PBXFileReference; fileEncoding = 4; lastKnownFileType = sourcecode.c.c; path = cdi_scsi.c; sourceTree = "<group>"; };
		E0A1169911D9E35E00B445C8 /* cdi_storage.c */ = {isa = PBXFileReference; fileEncoding = 4; lastKnownFileType = sourcecode.c.c; path = cdi_storage.c; sourceTree = "<group>"; };
		E0A1169A11D9E35E00B445C8 /* ckernel.c */ = {isa = PBXFileReference; fileEncoding = 4; lastKnownFileType = sourcecode.c.c; path = ckernel.c; sourceTree = "<group>"; };
		E0A1169B11D9E35E00B445C8 /* cmos.c */ = {isa = PBXFileReference; fileEncoding = 4; lastKnownFileType = sourcecode.c.c; path = cmos.c; sourceTree = "<group>"; };
		E0A1169C11D9E35E00B445C8 /* console.c */ = {isa = PBXFileReference; fileEncoding = 4; lastKnownFileType = sourcecode.c.c; path = console.c; sourceTree = "<group>"; };
		E0A1169D11D9E35E00B445C8 /* data.asm */ = {isa = PBXFileReference; fileEncoding = 4; lastKnownFileType = sourcecode.asm.asm; path = data.asm; sourceTree = "<group>"; };
		E0A1169E11D9E35E00B445C8 /* descriptor_tables.c */ = {isa = PBXFileReference; fileEncoding = 4; lastKnownFileType = sourcecode.c.c; path = descriptor_tables.c; sourceTree = "<group>"; };
		E0A1169F11D9E35E00B445C8 /* devicemanager.c */ = {isa = PBXFileReference; fileEncoding = 4; lastKnownFileType = sourcecode.c.c; path = devicemanager.c; sourceTree = "<group>"; };
		E0A116A011D9E35E00B445C8 /* ehci.c */ = {isa = PBXFileReference; fileEncoding = 4; lastKnownFileType = sourcecode.c.c; path = ehci.c; sourceTree = "<group>"; };
		E0A116A111D9E35E00B445C8 /* ehciQHqTD.c */ = {isa = PBXFileReference; fileEncoding = 4; lastKnownFileType = sourcecode.c.c; path = ehciQHqTD.c; sourceTree = "<group>"; };
		E0A116A211D9E35E00B445C8 /* elf.c */ = {isa = PBXFileReference; fileEncoding = 4; lastKnownFileType = sourcecode.c.c; path = elf.c; sourceTree = "<group>"; };
		E0A116A311D9E35E00B445C8 /* event_list.c */ = {isa = PBXFileReference; fileEncoding = 4; lastKnownFileType = sourcecode.c.c; path = event_list.c; sourceTree = "<group>"; };
		E0A116A411D9E35E00B445C8 /* fat.c */ = {isa = PBXFileReference; fileEncoding = 4; lastKnownFileType = sourcecode.c.c; path = fat.c; sourceTree = "<group>"; };
		E0A116A511D9E35E00B445C8 /* fat12.c */ = {isa = PBXFileReference; fileEncoding = 4; lastKnownFileType = sourcecode.c.c; path = fat12.c; sourceTree = "<group>"; };
		E0A116A611D9E35E00B445C8 /* flpydsk.c */ = {isa = PBXFileReference; fileEncoding = 4; lastKnownFileType = sourcecode.c.c; path = flpydsk.c; sourceTree = "<group>"; };
		E0A116A711D9E35E00B445C8 /* flush.asm */ = {isa = PBXFileReference; fileEncoding = 4; lastKnownFileType = sourcecode.asm.asm; path = flush.asm; sourceTree = "<group>"; };
		E0A116A811D9E35E00B445C8 /* fpu.c */ = {isa = PBXFileReference; fileEncoding = 4; lastKnownFileType = sourcecode.c.c; path = fpu.c; sourceTree = "<group>"; };
		E0A116A911D9E35E00B445C8 /* fs.c */ = {isa = PBXFileReference; fileEncoding = 4; lastKnownFileType = sourcecode.c.c; path = fs.c; sourceTree = "<group>"; };
		E0A116AA11D9E35E00B445C8 /* gdt.c */ = {isa = PBXFileReference; fileEncoding = 4; lastKnownFileType = sourcecode.c.c; path = gdt.c; sourceTree = "<group>"; };
		E0A116AD11D9E35E00B445C8 /* bios.h */ = {isa = PBXFileReference; fileEncoding = 4; lastKnownFileType = sourcecode.c.h; path = bios.h; sourceTree = "<group>"; };
		E0A116AE11D9E35E00B445C8 /* cache.h */ = {isa = PBXFileReference; fileEncoding = 4; lastKnownFileType = sourcecode.c.h; path = cache.h; sourceTree = "<group>"; };
		E0A116AF11D9E35E00B445C8 /* cmos.h */ = {isa = PBXFileReference; fileEncoding = 4; lastKnownFileType = sourcecode.c.h; path = cmos.h; sourceTree = "<group>"; };
		E0A116B011D9E35E00B445C8 /* dma.h */ = {isa = PBXFileReference; fileEncoding = 4; lastKnownFileType = sourcecode.c.h; path = dma.h; sourceTree = "<group>"; };
		E0A116B111D9E35E00B445C8 /* fs.h */ = {isa = PBXFileReference; fileEncoding = 4; lastKnownFileType = sourcecode.c.h; path = fs.h; sourceTree = "<group>"; };
		E0A116B211D9E35E00B445C8 /* io.h */ = {isa = PBXFileReference; fileEncoding = 4; lastKnownFileType = sourcecode.c.h; path = io.h; sourceTree = "<group>"; };
		E0A116B311D9E35E00B445C8 /* lists.h */ = {isa = PBXFileReference; fileEncoding = 4; lastKnownFileType = sourcecode.c.h; path = lists.h; sourceTree = "<group>"; };
		E0A116B411D9E35E00B445C8 /* mem.h */ = {isa = PBXFileReference; fileEncoding = 4; lastKnownFileType = sourcecode.c.h; path = mem.h; sourceTree = "<group>"; };
		E0A116B511D9E35E00B445C8 /* mempool.h */ = {isa = PBXFileReference; fileEncoding = 4; lastKnownFileType = sourcecode.c.h; path = mempool.h; sourceTree = "<group>"; };
		E0A116B611D9E35E00B445C8 /* misc.h */ = {isa = PBXFileReference; fileEncoding = 4; lastKnownFileType = sourcecode.c.h; path = misc.h; sourceTree = "<group>"; };
		E0A116B711D9E35E00B445C8 /* net.h */ = {isa = PBXFileReference; fileEncoding = 4; lastKnownFileType = sourcecode.c.h; path = net.h; sourceTree = "<group>"; };
		E0A116B811D9E35E00B445C8 /* pci.h */ = {isa = PBXFileReference; fileEncoding = 4; lastKnownFileType = sourcecode.c.h; path = pci.h; sourceTree = "<group>"; };
		E0A116B911D9E35E00B445C8 /* scsi.h */ = {isa = PBXFileReference; fileEncoding = 4; lastKnownFileType = sourcecode.c.h; path = scsi.h; sourceTree = "<group>"; };
		E0A116BA11D9E35E00B445C8 /* storage.h */ = {isa = PBXFileReference; fileEncoding = 4; lastKnownFileType = sourcecode.c.h; path = storage.h; sourceTree = "<group>"; };
		E0A116BB11D9E35E00B445C8 /* cdi-osdep.h */ = {isa = PBXFileReference; fileEncoding = 4; lastKnownFileType = sourcecode.c.h; path = "cdi-osdep.h"; sourceTree = "<group>"; };
		E0A116BC11D9E35E00B445C8 /* cdi.h */ = {isa = PBXFileReference; fileEncoding = 4; lastKnownFileType = sourcecode.c.h; path = cdi.h; sourceTree = "<group>"; };
		E0A116BD11D9E35E00B445C8 /* cmos.h */ = {isa = PBXFileReference; fileEncoding = 4; lastKnownFileType = sourcecode.c.h; path = cmos.h; sourceTree = "<group>"; };
		E0A116BE11D9E35E00B445C8 /* console.h */ = {isa = PBXFileReference; fileEncoding = 4; lastKnownFileType = sourcecode.c.h; path = console.h; sourceTree = "<group>"; };
		E0A116BF11D9E35E00B445C8 /* descriptor_tables.h */ = {isa = PBXFileReference; fileEncoding = 4; lastKnownFileType = sourcecode.c.h; path = descriptor_tables.h; sourceTree = "<group>"; };
		E0A116C011D9E35E00B445C8 /* devicemanager.h */ = {isa = PBXFileReference; fileEncoding = 4; lastKnownFileType = sourcecode.c.h; path = devicemanager.h; sourceTree = "<group>"; };
		E0A116C111D9E35E00B445C8 /* ehci.h */ = {isa = PBXFileReference; fileEncoding = 4; lastKnownFileType = sourcecode.c.h; path = ehci.h; sourceTree = "<group>"; };
		E0A116C211D9E35E00B445C8 /* ehciQHqTD.h */ = {isa = PBXFileReference; fileEncoding = 4; lastKnownFileType = sourcecode.c.h; path = ehciQHqTD.h; sourceTree = "<group>"; };
		E0A116C311D9E35E00B445C8 /* event_list.h */ = {isa = PBXFileReference; fileEncoding = 4; lastKnownFileType = sourcecode.c.h; path = event_list.h; sourceTree = "<group>"; };
		E0A116C411D9E35E00B445C8 /* fat.h */ = {isa = PBXFileReference; fileEncoding = 4; lastKnownFileType = sourcecode.c.h; path = fat.h; sourceTree = "<group>"; };
		E0A116C511D9E35E00B445C8 /* fat12.h */ = {isa = PBXFileReference; fileEncoding = 4; lastKnownFileType = sourcecode.c.h; path = fat12.h; sourceTree = "<group>"; };
		E0A116C611D9E35E00B445C8 /* flpydsk.h */ = {isa = PBXFileReference; fileEncoding = 4; lastKnownFileType = sourcecode.c.h; path = flpydsk.h; sourceTree = "<group>"; };
		E0A116C711D9E35E00B445C8 /* fs.h */ = {isa = PBXFileReference; fileEncoding = 4; lastKnownFileType = sourcecode.c.h; path = fs.h; sourceTree = "<group>"; };
		E0A116C811D9E35E00B445C8 /* initrd.h */ = {isa = PBXFileReference; fileEncoding = 4; lastKnownFileType = sourcecode.c.h; path = initrd.h; sourceTree = "<group>"; };
		E0A116C911D9E35E00B445C8 /* ipTcpStack.h */ = {isa = PBXFileReference; fileEncoding = 4; lastKnownFileType = sourcecode.c.h; path = ipTcpStack.h; sourceTree = "<group>"; };
		E0A116CA11D9E35E00B445C8 /* irq.h */ = {isa = PBXFileReference; fileEncoding = 4; lastKnownFileType = sourcecode.c.h; path = irq.h; sourceTree = "<group>"; };
		E0A116CB11D9E35E00B445C8 /* keyboard.h */ = {isa = PBXFileReference; fileEncoding = 4; lastKnownFileType = sourcecode.c.h; path = keyboard.h; sourceTree = "<group>"; };
		E0A116CC11D9E35E00B445C8 /* keyboard_GER.h */ = {isa = PBXFileReference; fileEncoding = 4; lastKnownFileType = sourcecode.c.h; path = keyboard_GER.h; sourceTree = "<group>"; };
		E0A116CD11D9E35E00B445C8 /* keyboard_US.h */ = {isa = PBXFileReference; fileEncoding = 4; lastKnownFileType = sourcecode.c.h; path = keyboard_US.h; sourceTree = "<group>"; };
		E0A116CE11D9E35E00B445C8 /* kheap.h */ = {isa = PBXFileReference; fileEncoding = 4; lastKnownFileType = sourcecode.c.h; path = kheap.h; sourceTree = "<group>"; };
		E0A116CF11D9E35E00B445C8 /* list.h */ = {isa = PBXFileReference; fileEncoding = 4; lastKnownFileType = sourcecode.c.h; path = list.h; sourceTree = "<group>"; };
		E0A116D011D9E35E00B445C8 /* mouse.h */ = {isa = PBXFileReference; fileEncoding = 4; lastKnownFileType = sourcecode.c.h; path = mouse.h; sourceTree = "<group>"; };
		E0A116D111D9E35E00B445C8 /* os.h */ = {isa = PBXFileReference; fileEncoding = 4; lastKnownFileType = sourcecode.c.h; path = os.h; sourceTree = "<group>"; };
		E0A116D211D9E35E00B445C8 /* paging.h */ = {isa = PBXFileReference; fileEncoding = 4; lastKnownFileType = sourcecode.c.h; path = paging.h; sourceTree = "<group>"; };
		E0A116D311D9E35E00B445C8 /* pci.h */ = {isa = PBXFileReference; fileEncoding = 4; lastKnownFileType = sourcecode.c.h; path = pci.h; sourceTree = "<group>"; };
		E0A116D411D9E35E00B445C8 /* rtl8139.h */ = {isa = PBXFileReference; fileEncoding = 4; lastKnownFileType = sourcecode.c.h; path = rtl8139.h; sourceTree = "<group>"; };
		E0A116D511D9E35E00B445C8 /* scheduler.h */ = {isa = PBXFileReference; fileEncoding = 4; lastKnownFileType = sourcecode.c.h; path = scheduler.h; sourceTree = "<group>"; };
		E0A116D611D9E35E00B445C8 /* sys_speaker.h */ = {isa = PBXFileReference; fileEncoding = 4; lastKnownFileType = sourcecode.c.h; path = sys_speaker.h; sourceTree = "<group>"; };
		E0A116D711D9E35E00B445C8 /* syscall.h */ = {isa = PBXFileReference; fileEncoding = 4; lastKnownFileType = sourcecode.c.h; path = syscall.h; sourceTree = "<group>"; };
		E0A116D811D9E35E00B445C8 /* task.h */ = {isa = PBXFileReference; fileEncoding = 4; lastKnownFileType = sourcecode.c.h; path = task.h; sourceTree = "<group>"; };
		E0A116D911D9E35E00B445C8 /* time.h */ = {isa = PBXFileReference; fileEncoding = 4; lastKnownFileType = sourcecode.c.h; path = time.h; sourceTree = "<group>"; };
		E0A116DA11D9E35E00B445C8 /* timer.h */ = {isa = PBXFileReference; fileEncoding = 4; lastKnownFileType = sourcecode.c.h; path = timer.h; sourceTree = "<group>"; };
		E0A116DB11D9E35E00B445C8 /* types.h */ = {isa = PBXFileReference; fileEncoding = 4; lastKnownFileType = sourcecode.c.h; path = types.h; sourceTree = "<group>"; };
		E0A116DC11D9E35E00B445C8 /* usb2.h */ = {isa = PBXFileReference; fileEncoding = 4; lastKnownFileType = sourcecode.c.h; path = usb2.h; sourceTree = "<group>"; };
		E0A116DD11D9E35E00B445C8 /* usb2_msd.h */ = {isa = PBXFileReference; fileEncoding = 4; lastKnownFileType = sourcecode.c.h; path = usb2_msd.h; sourceTree = "<group>"; };
		E0A116DE11D9E35E00B445C8 /* usb_hc.h */ = {isa = PBXFileReference; fileEncoding = 4; lastKnownFileType = sourcecode.c.h; path = usb_hc.h; sourceTree = "<group>"; };
		E0A116DF11D9E35E00B445C8 /* util.h */ = {isa = PBXFileReference; fileEncoding = 4; lastKnownFileType = sourcecode.c.h; path = util.h; sourceTree = "<group>"; };
		E0A116E011D9E35E00B445C8 /* video.h */ = {isa = PBXFileReference; fileEncoding = 4; lastKnownFileType = sourcecode.c.h; path = video.h; sourceTree = "<group>"; };
		E0A116E111D9E35E00B445C8 /* initrd.c */ = {isa = PBXFileReference; fileEncoding = 4; lastKnownFileType = sourcecode.c.c; path = initrd.c; sourceTree = "<group>"; };
		E0A116E211D9E35E00B445C8 /* interrupts.asm */ = {isa = PBXFileReference; fileEncoding = 4; lastKnownFileType = sourcecode.asm.asm; path = interrupts.asm; sourceTree = "<group>"; };
		E0A116E311D9E35E00B445C8 /* ipTcpStack.c */ = {isa = PBXFileReference; fileEncoding = 4; lastKnownFileType = sourcecode.c.c; path = ipTcpStack.c; sourceTree = "<group>"; };
		E0A116E411D9E35E00B445C8 /* irq.c */ = {isa = PBXFileReference; fileEncoding = 4; lastKnownFileType = sourcecode.c.c; path = irq.c; sourceTree = "<group>"; };
		E0A116E511D9E35E00B445C8 /* kernel.asm */ = {isa = PBXFileReference; fileEncoding = 4; lastKnownFileType = sourcecode.asm.asm; path = kernel.asm; sourceTree = "<group>"; };
		E0A116E611D9E35E00B445C8 /* kernel.ld */ = {isa = PBXFileReference; fileEncoding = 4; lastKnownFileType = text; path = kernel.ld; sourceTree = "<group>"; };
		E0A116E711D9E35E00B445C8 /* keyboard.c */ = {isa = PBXFileReference; fileEncoding = 4; lastKnownFileType = sourcecode.c.c; path = keyboard.c; sourceTree = "<group>"; };
		E0A116E811D9E35E00B445C8 /* kheap.c */ = {isa = PBXFileReference; fileEncoding = 4; lastKnownFileType = sourcecode.c.c; path = kheap.c; sourceTree = "<group>"; };
		E0A116E911D9E35E00B445C8 /* list.c */ = {isa = PBXFileReference; fileEncoding = 4; lastKnownFileType = sourcecode.c.c; path = list.c; sourceTree = "<group>"; };
		E0A116EA11D9E35E00B445C8 /* mouse.c */ = {isa = PBXFileReference; fileEncoding = 4; lastKnownFileType = sourcecode.c.c; path = mouse.c; sourceTree = "<group>"; };
		E0A116EB11D9E35E00B445C8 /* paging.c */ = {isa = PBXFileReference; fileEncoding = 4; lastKnownFileType = sourcecode.c.c; path = paging.c; sourceTree = "<group>"; };
		E0A116EC11D9E35E00B445C8 /* pci.c */ = {isa = PBXFileReference; fileEncoding = 4; lastKnownFileType = sourcecode.c.c; path = pci.c; sourceTree = "<group>"; };
		E0A116ED11D9E35E00B445C8 /* process.asm */ = {isa = PBXFileReference; fileEncoding = 4; lastKnownFileType = sourcecode.asm.asm; path = process.asm; sourceTree = "<group>"; };
		E0A116EE11D9E35E00B445C8 /* rtl8139.c */ = {isa = PBXFileReference; fileEncoding = 4; lastKnownFileType = sourcecode.c.c; path = rtl8139.c; sourceTree = "<group>"; };
		E0A116EF11D9E35E00B445C8 /* scheduler.c */ = {isa = PBXFileReference; fileEncoding = 4; lastKnownFileType = sourcecode.c.c; path = scheduler.c; sourceTree = "<group>"; };
		E0A116F011D9E35E00B445C8 /* sys_speaker.c */ = {isa = PBXFileReference; fileEncoding = 4; lastKnownFileType = sourcecode.c.c; path = sys_speaker.c; sourceTree = "<group>"; };
		E0A116F111D9E35E00B445C8 /* syscall.c */ = {isa = PBXFileReference; fileEncoding = 4; lastKnownFileType = sourcecode.c.c; path = syscall.c; sourceTree = "<group>"; };
		E0A116F211D9E35E00B445C8 /* task.c */ = {isa = PBXFileReference; fileEncoding = 4; lastKnownFileType = sourcecode.c.c; path = task.c; sourceTree = "<group>"; };
		E0A116F311D9E35E00B445C8 /* time.c */ = {isa = PBXFileReference; fileEncoding = 4; lastKnownFileType = sourcecode.c.c; path = time.c; sourceTree = "<group>"; };
		E0A116F411D9E35E00B445C8 /* timer.c */ = {isa = PBXFileReference; fileEncoding = 4; lastKnownFileType = sourcecode.c.c; path = timer.c; sourceTree = "<group>"; };
		E0A116F511D9E35E00B445C8 /* usb2.c */ = {isa = PBXFileReference; fileEncoding = 4; lastKnownFileType = sourcecode.c.c; path = usb2.c; sourceTree = "<group>"; };
		E0A116F611D9E35E00B445C8 /* usb2_msd.c */ = {isa = PBXFileReference; fileEncoding = 4; lastKnownFileType = sourcecode.c.c; path = usb2_msd.c; sourceTree = "<group>"; };
		E0A116F711D9E35E00B445C8 /* usb_hc.c */ = {isa = PBXFileReference; fileEncoding = 4; lastKnownFileType = sourcecode.c.c; path = usb_hc.c; sourceTree = "<group>"; };
		E0A116F811D9E35E00B445C8 /* util.c */ = {isa = PBXFileReference; fileEncoding = 4; lastKnownFileType = sourcecode.c.c; path = util.c; sourceTree = "<group>"; };
		E0A116F911D9E35E00B445C8 /* video.c */ = {isa = PBXFileReference; fileEncoding = 4; lastKnownFileType = sourcecode.c.c; path = video.c; sourceTree = "<group>"; };
		E0A1171F11D9E35E00B445C8 /* boot.asm */ = {isa = PBXFileReference; fileEncoding = 4; lastKnownFileType = sourcecode.asm.asm; path = boot.asm; sourceTree = "<group>"; };
		E0A1172011D9E35E00B445C8 /* Fat12_BPB.inc */ = {isa = PBXFileReference; fileEncoding = 4; lastKnownFileType = sourcecode.pascal; path = Fat12_BPB.inc; sourceTree = "<group>"; };
		E0A1172211D9E35E00B445C8 /* A20.inc */ = {isa = PBXFileReference; fileEncoding = 4; lastKnownFileType = sourcecode.pascal; path = A20.inc; sourceTree = "<group>"; };
		E0A1172311D9E35E00B445C8 /* boot2.asm */ = {isa = PBXFileReference; fileEncoding = 4; lastKnownFileType = sourcecode.asm.asm; path = boot2.asm; sourceTree = "<group>"; };
		E0A1172411D9E35E00B445C8 /* Fat12.inc */ = {isa = PBXFileReference; fileEncoding = 4; lastKnownFileType = sourcecode.pascal; path = Fat12.inc; sourceTree = "<group>"; };
		E0A1172511D9E35E00B445C8 /* Fat12_BPB.inc */ = {isa = PBXFileReference; fileEncoding = 4; lastKnownFileType = sourcecode.pascal; path = Fat12_BPB.inc; sourceTree = "<group>"; };
		E0A1172611D9E35E00B445C8 /* gdt.inc */ = {isa = PBXFileReference; fileEncoding = 4; lastKnownFileType = sourcecode.pascal; path = gdt.inc; sourceTree = "<group>"; };
		E0A1172711D9E35E00B445C8 /* GetMemoryMap.inc */ = {isa = PBXFileReference; fileEncoding = 4; lastKnownFileType = sourcecode.pascal; path = GetMemoryMap.inc; sourceTree = "<group>"; };
		E0A1173911D9E35E00B445C8 /* info.txt */ = {isa = PBXFileReference; fileEncoding = 4; lastKnownFileType = text; path = info.txt; sourceTree = "<group>"; };
		E0A1173B11D9E35E00B445C8 /* calc.c */ = {isa = PBXFileReference; fileEncoding = 4; lastKnownFileType = sourcecode.c.c; path = calc.c; sourceTree = "<group>"; };
		E0A1173C11D9E35E00B445C8 /* CALC.ELF */ = {isa = PBXFileReference; lastKnownFileType = file; path = CALC.ELF; sourceTree = "<group>"; };
		E0A1173D11D9E35E00B445C8 /* music.c */ = {isa = PBXFileReference; fileEncoding = 4; lastKnownFileType = sourcecode.c.c; path = music.c; sourceTree = "<group>"; };
		E0A1173E11D9E35E00B445C8 /* MUSIC.ELF */ = {isa = PBXFileReference; lastKnownFileType = file; path = MUSIC.ELF; sourceTree = "<group>"; };
		E0A1173F11D9E35E00B445C8 /* pqeq.c */ = {isa = PBXFileReference; fileEncoding = 4; lastKnownFileType = sourcecode.c.c; path = pqeq.c; sourceTree = "<group>"; };
		E0A1174011D9E35E00B445C8 /* PQEQ.ELF */ = {isa = PBXFileReference; lastKnownFileType = file; path = PQEQ.ELF; sourceTree = "<group>"; };
		E0A1174111D9E35E00B445C8 /* readme.c */ = {isa = PBXFileReference; fileEncoding = 4; lastKnownFileType = sourcecode.c.c; path = readme.c; sourceTree = "<group>"; };
		E0A1174211D9E35E00B445C8 /* README.ELF */ = {isa = PBXFileReference; lastKnownFileType = file; path = README.ELF; sourceTree = "<group>"; };
		E0A1174311D9E35E00B445C8 /* ttt.c */ = {isa = PBXFileReference; fileEncoding = 4; lastKnownFileType = sourcecode.c.c; path = ttt.c; sourceTree = "<group>"; };
		E0A1174411D9E35E00B445C8 /* TTT.ELF */ = {isa = PBXFileReference; lastKnownFileType = file; path = TTT.ELF; sourceTree = "<group>"; };
		E0A1174611D9E35E00B445C8 /* shell.c */ = {isa = PBXFileReference; fileEncoding = 4; lastKnownFileType = sourcecode.c.c; path = shell.c; sourceTree = "<group>"; };
		E0A1174811D9E35E00B445C8 /* build.bat */ = {isa = PBXFileReference; fileEncoding = 4; lastKnownFileType = text; path = build.bat; sourceTree = "<group>"; };
		E0A1174911D9E35E00B445C8 /* hello.c */ = {isa = PBXFileReference; fileEncoding = 4; lastKnownFileType = sourcecode.c.c; path = hello.c; sourceTree = "<group>"; };
		E0A1174A11D9E35E00B445C8 /* HELLO.ELF */ = {isa = PBXFileReference; lastKnownFileType = file; path = HELLO.ELF; sourceTree = "<group>"; };
		E0A1174B11D9E35E00B445C8 /* makefile */ = {isa = PBXFileReference; fileEncoding = 4; lastKnownFileType = sourcecode.make; path = makefile; sourceTree = "<group>"; };
		E0A1174D11D9E35E00B445C8 /* build.bat */ = {isa = PBXFileReference; fileEncoding = 4; lastKnownFileType = text; path = build.bat; sourceTree = "<group>"; };
		E0A1174E11D9E35E00B445C8 /* cpp.cpp */ = {isa = PBXFileReference; fileEncoding = 4; lastKnownFileType = sourcecode.cpp.cpp; path = cpp.cpp; sourceTree = "<group>"; };
		E0A1174F11D9E35E00B445C8 /* CPP.ELF */ = {isa = PBXFileReference; lastKnownFileType = file; path = CPP.ELF; sourceTree = "<group>"; };
		E0A1175011D9E35E00B445C8 /* makefile */ = {isa = PBXFileReference; fileEncoding = 4; lastKnownFileType = sourcecode.make; path = makefile; sourceTree = "<group>"; };
		E0A1175211D9E35E00B445C8 /* start.asm */ = {isa = PBXFileReference; fileEncoding = 4; lastKnownFileType = sourcecode.asm.asm; path = start.asm; sourceTree = "<group>"; };
		E0A1175311D9E35E00B445C8 /* types.h */ = {isa = PBXFileReference; fileEncoding = 4; lastKnownFileType = sourcecode.c.h; path = types.h; sourceTree = "<group>"; };
		E0A1175411D9E35E00B445C8 /* user.ld */ = {isa = PBXFileReference; fileEncoding = 4; lastKnownFileType = text; path = user.ld; sourceTree = "<group>"; };
		E0A1175511D9E35E00B445C8 /* userlib.c */ = {isa = PBXFileReference; fileEncoding = 4; lastKnownFileType = sourcecode.c.c; path = userlib.c; sourceTree = "<group>"; };
		E0A1175611D9E35E00B445C8 /* userlib.h */ = {isa = PBXFileReference; fileEncoding = 4; lastKnownFileType = sourcecode.c.h; path = userlib.h; sourceTree = "<group>"; };
		E0A1175711D9E35E00B445C8 /* userlib.hpp */ = {isa = PBXFileReference; fileEncoding = 4; lastKnownFileType = sourcecode.cpp.h; path = userlib.hpp; sourceTree = "<group>"; };
		E0A1175811D9E35E00B445C8 /* userlib_cpp.cpp */ = {isa = PBXFileReference; fileEncoding = 4; lastKnownFileType = sourcecode.cpp.cpp; path = userlib_cpp.cpp; sourceTree = "<group>"; };
/* End PBXFileReference section */

/* Begin PBXGroup section */
		08FB7794FE84155DC02AAC07 /* PrettyOS */ = {
			isa = PBXGroup;
			children = (
				E0A1168311D9E35E00B445C8 /* Source */,
			);
			name = PrettyOS;
			sourceTree = "<group>";
		};
		E0A1168311D9E35E00B445C8 /* Source */ = {
			isa = PBXGroup;
			children = (
				E0A1168911D9E35E00B445C8 /* kernel */,
				E0A1171E11D9E35E00B445C8 /* stage1_bootloader */,
				E0A1172111D9E35E00B445C8 /* stage2_bootloader */,
				E0A1173711D9E35E00B445C8 /* user */,
			);
			name = Source;
			path = ../..;
			sourceTree = SOURCE_ROOT;
		};
		E0A1168911D9E35E00B445C8 /* kernel */ = {
			isa = PBXGroup;
			children = (
				E0A1168A11D9E35E00B445C8 /* cdi */,
				E0A1169A11D9E35E00B445C8 /* ckernel.c */,
				E0A1169B11D9E35E00B445C8 /* cmos.c */,
				E0A1169C11D9E35E00B445C8 /* console.c */,
				E0A1169D11D9E35E00B445C8 /* data.asm */,
				E0A1169E11D9E35E00B445C8 /* descriptor_tables.c */,
				E0A1169F11D9E35E00B445C8 /* devicemanager.c */,
				E0A116A011D9E35E00B445C8 /* ehci.c */,
				E0A116A111D9E35E00B445C8 /* ehciQHqTD.c */,
				E0A116A211D9E35E00B445C8 /* elf.c */,
				E0A116A311D9E35E00B445C8 /* event_list.c */,
				E0A116A411D9E35E00B445C8 /* fat.c */,
				E0A116A511D9E35E00B445C8 /* fat12.c */,
				E0A116A611D9E35E00B445C8 /* flpydsk.c */,
				E0A116A711D9E35E00B445C8 /* flush.asm */,
				E0A116A811D9E35E00B445C8 /* fpu.c */,
				E0A116A911D9E35E00B445C8 /* fs.c */,
				E0A116AA11D9E35E00B445C8 /* gdt.c */,
				E0A116AB11D9E35E00B445C8 /* include */,
				E0A116E111D9E35E00B445C8 /* initrd.c */,
				E0A116E211D9E35E00B445C8 /* interrupts.asm */,
				E0A116E311D9E35E00B445C8 /* ipTcpStack.c */,
				E0A116E411D9E35E00B445C8 /* irq.c */,
				E0A116E511D9E35E00B445C8 /* kernel.asm */,
				E0A116E611D9E35E00B445C8 /* kernel.ld */,
				E0A116E711D9E35E00B445C8 /* keyboard.c */,
				E0A116E811D9E35E00B445C8 /* kheap.c */,
				E0A116E911D9E35E00B445C8 /* list.c */,
				E0A116EA11D9E35E00B445C8 /* mouse.c */,
				E0A116EB11D9E35E00B445C8 /* paging.c */,
				E0A116EC11D9E35E00B445C8 /* pci.c */,
				E0A116ED11D9E35E00B445C8 /* process.asm */,
				E0A116EE11D9E35E00B445C8 /* rtl8139.c */,
				E0A116EF11D9E35E00B445C8 /* scheduler.c */,
				E0A116F011D9E35E00B445C8 /* sys_speaker.c */,
				E0A116F111D9E35E00B445C8 /* syscall.c */,
				E0A116F211D9E35E00B445C8 /* task.c */,
				E0A116F311D9E35E00B445C8 /* time.c */,
				E0A116F411D9E35E00B445C8 /* timer.c */,
				E0A116F511D9E35E00B445C8 /* usb2.c */,
				E0A116F611D9E35E00B445C8 /* usb2_msd.c */,
				E0A116F711D9E35E00B445C8 /* usb_hc.c */,
				E0A116F811D9E35E00B445C8 /* util.c */,
				E0A116F911D9E35E00B445C8 /* video.c */,
			);
			path = kernel;
			sourceTree = "<group>";
		};
		E0A1168A11D9E35E00B445C8 /* cdi */ = {
			isa = PBXGroup;
			children = (
				E0A1168B11D9E35E00B445C8 /* cdi.c */,
				E0A1168C11D9E35E00B445C8 /* cdi_bios.c */,
				E0A1168D11D9E35E00B445C8 /* cdi_cache.c */,
				E0A1168E11D9E35E00B445C8 /* cdi_cmos.c */,
				E0A1168F11D9E35E00B445C8 /* cdi_dma.c */,
				E0A1169011D9E35E00B445C8 /* cdi_fs.c */,
				E0A1169111D9E35E00B445C8 /* cdi_io.c */,
				E0A1169211D9E35E00B445C8 /* cdi_lists.c */,
				E0A1169311D9E35E00B445C8 /* cdi_mem.c */,
				E0A1169411D9E35E00B445C8 /* cdi_mempool.c */,
				E0A1169511D9E35E00B445C8 /* cdi_misc.c */,
				E0A1169611D9E35E00B445C8 /* cdi_net.c */,
				E0A1169711D9E35E00B445C8 /* cdi_pci.c */,
				E0A1169811D9E35E00B445C8 /* cdi_scsi.c */,
				E0A1169911D9E35E00B445C8 /* cdi_storage.c */,
			);
			path = cdi;
			sourceTree = "<group>";
		};
		E0A116AB11D9E35E00B445C8 /* include */ = {
			isa = PBXGroup;
			children = (
				E0A116AC11D9E35E00B445C8 /* cdi */,
				E0A116BB11D9E35E00B445C8 /* cdi-osdep.h */,
				E0A116BC11D9E35E00B445C8 /* cdi.h */,
				E0A116BD11D9E35E00B445C8 /* cmos.h */,
				E0A116BE11D9E35E00B445C8 /* console.h */,
				E0A116BF11D9E35E00B445C8 /* descriptor_tables.h */,
				E0A116C011D9E35E00B445C8 /* devicemanager.h */,
				E0A116C111D9E35E00B445C8 /* ehci.h */,
				E0A116C211D9E35E00B445C8 /* ehciQHqTD.h */,
				E0A116C311D9E35E00B445C8 /* event_list.h */,
				E0A116C411D9E35E00B445C8 /* fat.h */,
				E0A116C511D9E35E00B445C8 /* fat12.h */,
				E0A116C611D9E35E00B445C8 /* flpydsk.h */,
				E0A116C711D9E35E00B445C8 /* fs.h */,
				E0A116C811D9E35E00B445C8 /* initrd.h */,
				E0A116C911D9E35E00B445C8 /* ipTcpStack.h */,
				E0A116CA11D9E35E00B445C8 /* irq.h */,
				E0A116CB11D9E35E00B445C8 /* keyboard.h */,
				E0A116CC11D9E35E00B445C8 /* keyboard_GER.h */,
				E0A116CD11D9E35E00B445C8 /* keyboard_US.h */,
				E0A116CE11D9E35E00B445C8 /* kheap.h */,
				E0A116CF11D9E35E00B445C8 /* list.h */,
				E0A116D011D9E35E00B445C8 /* mouse.h */,
				E0A116D111D9E35E00B445C8 /* os.h */,
				E0A116D211D9E35E00B445C8 /* paging.h */,
				E0A116D311D9E35E00B445C8 /* pci.h */,
				E0A116D411D9E35E00B445C8 /* rtl8139.h */,
				E0A116D511D9E35E00B445C8 /* scheduler.h */,
				E0A116D611D9E35E00B445C8 /* sys_speaker.h */,
				E0A116D711D9E35E00B445C8 /* syscall.h */,
				E0A116D811D9E35E00B445C8 /* task.h */,
				E0A116D911D9E35E00B445C8 /* time.h */,
				E0A116DA11D9E35E00B445C8 /* timer.h */,
				E0A116DB11D9E35E00B445C8 /* types.h */,
				E0A116DC11D9E35E00B445C8 /* usb2.h */,
				E0A116DD11D9E35E00B445C8 /* usb2_msd.h */,
				E0A116DE11D9E35E00B445C8 /* usb_hc.h */,
				E0A116DF11D9E35E00B445C8 /* util.h */,
				E0A116E011D9E35E00B445C8 /* video.h */,
			);
			path = include;
			sourceTree = "<group>";
		};
		E0A116AC11D9E35E00B445C8 /* cdi */ = {
			isa = PBXGroup;
			children = (
				E0A116AD11D9E35E00B445C8 /* bios.h */,
				E0A116AE11D9E35E00B445C8 /* cache.h */,
				E0A116AF11D9E35E00B445C8 /* cmos.h */,
				E0A116B011D9E35E00B445C8 /* dma.h */,
				E0A116B111D9E35E00B445C8 /* fs.h */,
				E0A116B211D9E35E00B445C8 /* io.h */,
				E0A116B311D9E35E00B445C8 /* lists.h */,
				E0A116B411D9E35E00B445C8 /* mem.h */,
				E0A116B511D9E35E00B445C8 /* mempool.h */,
				E0A116B611D9E35E00B445C8 /* misc.h */,
				E0A116B711D9E35E00B445C8 /* net.h */,
				E0A116B811D9E35E00B445C8 /* pci.h */,
				E0A116B911D9E35E00B445C8 /* scsi.h */,
				E0A116BA11D9E35E00B445C8 /* storage.h */,
			);
			path = cdi;
			sourceTree = "<group>";
		};
		E0A1171E11D9E35E00B445C8 /* stage1_bootloader */ = {
			isa = PBXGroup;
			children = (
				E0A1171F11D9E35E00B445C8 /* boot.asm */,
				E0A1172011D9E35E00B445C8 /* Fat12_BPB.inc */,
			);
			path = stage1_bootloader;
			sourceTree = "<group>";
		};
		E0A1172111D9E35E00B445C8 /* stage2_bootloader */ = {
			isa = PBXGroup;
			children = (
				E0A1172211D9E35E00B445C8 /* A20.inc */,
				E0A1172311D9E35E00B445C8 /* boot2.asm */,
				E0A1172411D9E35E00B445C8 /* Fat12.inc */,
				E0A1172511D9E35E00B445C8 /* Fat12_BPB.inc */,
				E0A1172611D9E35E00B445C8 /* gdt.inc */,
				E0A1172711D9E35E00B445C8 /* GetMemoryMap.inc */,
			);
			path = stage2_bootloader;
			sourceTree = "<group>";
		};
		E0A1173711D9E35E00B445C8 /* user */ = {
			isa = PBXGroup;
			children = (
				E0A1173811D9E35E00B445C8 /* init_rd_img */,
				E0A1173A11D9E35E00B445C8 /* other_userprogs */,
				E0A1174511D9E35E00B445C8 /* shell */,
				E0A1174711D9E35E00B445C8 /* user_test_c */,
				E0A1174C11D9E35E00B445C8 /* user_test_cpp */,
				E0A1175111D9E35E00B445C8 /* user_tools */,
			);
			path = user;
			sourceTree = "<group>";
		};
		E0A1173811D9E35E00B445C8 /* init_rd_img */ = {
			isa = PBXGroup;
			children = (
				E0A1173911D9E35E00B445C8 /* info.txt */,
			);
			path = init_rd_img;
			sourceTree = "<group>";
		};
		E0A1173A11D9E35E00B445C8 /* other_userprogs */ = {
			isa = PBXGroup;
			children = (
				E0A1173B11D9E35E00B445C8 /* calc.c */,
				E0A1173C11D9E35E00B445C8 /* CALC.ELF */,
				E0A1173D11D9E35E00B445C8 /* music.c */,
				E0A1173E11D9E35E00B445C8 /* MUSIC.ELF */,
				E0A1173F11D9E35E00B445C8 /* pqeq.c */,
				E0A1174011D9E35E00B445C8 /* PQEQ.ELF */,
				E0A1174111D9E35E00B445C8 /* readme.c */,
				E0A1174211D9E35E00B445C8 /* README.ELF */,
				E0A1174311D9E35E00B445C8 /* ttt.c */,
				E0A1174411D9E35E00B445C8 /* TTT.ELF */,
			);
			path = other_userprogs;
			sourceTree = "<group>";
		};
		E0A1174511D9E35E00B445C8 /* shell */ = {
			isa = PBXGroup;
			children = (
				E0A1174611D9E35E00B445C8 /* shell.c */,
			);
			path = shell;
			sourceTree = "<group>";
		};
		E0A1174711D9E35E00B445C8 /* user_test_c */ = {
			isa = PBXGroup;
			children = (
				E0A1174811D9E35E00B445C8 /* build.bat */,
				E0A1174911D9E35E00B445C8 /* hello.c */,
				E0A1174A11D9E35E00B445C8 /* HELLO.ELF */,
				E0A1174B11D9E35E00B445C8 /* makefile */,
			);
			path = user_test_c;
			sourceTree = "<group>";
		};
		E0A1174C11D9E35E00B445C8 /* user_test_cpp */ = {
			isa = PBXGroup;
			children = (
				E0A1174D11D9E35E00B445C8 /* build.bat */,
				E0A1174E11D9E35E00B445C8 /* cpp.cpp */,
				E0A1174F11D9E35E00B445C8 /* CPP.ELF */,
				E0A1175011D9E35E00B445C8 /* makefile */,
			);
			path = user_test_cpp;
			sourceTree = "<group>";
		};
		E0A1175111D9E35E00B445C8 /* user_tools */ = {
			isa = PBXGroup;
			children = (
				E0A1175211D9E35E00B445C8 /* start.asm */,
				E0A1175311D9E35E00B445C8 /* types.h */,
				E0A1175411D9E35E00B445C8 /* user.ld */,
				E0A1175511D9E35E00B445C8 /* userlib.c */,
				E0A1175611D9E35E00B445C8 /* userlib.h */,
				E0A1175711D9E35E00B445C8 /* userlib.hpp */,
				E0A1175811D9E35E00B445C8 /* userlib_cpp.cpp */,
			);
			path = user_tools;
			sourceTree = "<group>";
		};
/* End PBXGroup section */

/* Begin PBXLegacyTarget section */
		E0A1176011D9E3E400B445C8 /* default */ = {
			isa = PBXLegacyTarget;
			buildArgumentsString = "OS=MACOSX";
			buildConfigurationList = E0A1176811D9E40200B445C8 /* Build configuration list for PBXLegacyTarget "default" */;
			buildPhases = (
			);
			buildToolPath = /usr/bin/make;
			buildWorkingDirectory = /Users/christiancoors/PrettyOSSVN/trunk/Source;
			dependencies = (
			);
			name = default;
			passBuildSettingsInEnvironment = 1;
			productName = default;
		};
/* End PBXLegacyTarget section */

/* Begin PBXProject section */
		08FB7793FE84155DC02AAC07 /* Project object */ = {
			isa = PBXProject;
			buildConfigurationList = 1DEB919308733D9F0010E9CD /* Build configuration list for PBXProject "PrettyOS" */;
			compatibilityVersion = "Xcode 3.1";
			hasScannedForEncodings = 1;
			mainGroup = 08FB7794FE84155DC02AAC07 /* PrettyOS */;
			projectDirPath = "";
			projectRoot = "";
			targets = (
				E0A1176011D9E3E400B445C8 /* default */,
			);
		};
/* End PBXProject section */

/* Begin XCBuildConfiguration section */
		1DEB919408733D9F0010E9CD /* Debug */ = {
			isa = XCBuildConfiguration;
			buildSettings = {
				ARCHS = "$(ARCHS_STANDARD_32_BIT)";
				GCC_WARN_ABOUT_RETURN_TYPE = YES;
				GCC_WARN_UNUSED_VARIABLE = YES;
				ONLY_ACTIVE_ARCH = YES;
				PREBINDING = NO;
				SDKROOT = macosx10.6;
			};
			name = Debug;
		};
		1DEB919508733D9F0010E9CD /* Release */ = {
			isa = XCBuildConfiguration;
			buildSettings = {
				ARCHS = "$(ARCHS_STANDARD_32_BIT)";
				GCC_WARN_ABOUT_RETURN_TYPE = YES;
				GCC_WARN_UNUSED_VARIABLE = YES;
				PREBINDING = NO;
				SDKROOT = macosx10.6;
			};
			name = Release;
		};
		E0A1176111D9E3E500B445C8 /* Debug */ = {
			isa = XCBuildConfiguration;
			buildSettings = {
				COPY_PHASE_STRIP = NO;
				GCC_DYNAMIC_NO_PIC = NO;
				GCC_OPTIMIZATION_LEVEL = 0;
				PRODUCT_NAME = default;
			};
			name = Debug;
		};
		E0A1176211D9E3E500B445C8 /* Release */ = {
			isa = XCBuildConfiguration;
			buildSettings = {
				COPY_PHASE_STRIP = YES;
				DEBUG_INFORMATION_FORMAT = "dwarf-with-dsym";
				GCC_ENABLE_FIX_AND_CONTINUE = NO;
				PRODUCT_NAME = default;
				ZERO_LINK = NO;
			};
			name = Release;
		};
/* End XCBuildConfiguration section */

/* Begin XCConfigurationList section */
		1DEB919308733D9F0010E9CD /* Build configuration list for PBXProject "PrettyOS" */ = {
			isa = XCConfigurationList;
			buildConfigurations = (
				1DEB919408733D9F0010E9CD /* Debug */,
				1DEB919508733D9F0010E9CD /* Release */,
			);
			defaultConfigurationIsVisible = 0;
			defaultConfigurationName = Release;
		};
		E0A1176811D9E40200B445C8 /* Build configuration list for PBXLegacyTarget "default" */ = {
			isa = XCConfigurationList;
			buildConfigurations = (
				E0A1176111D9E3E500B445C8 /* Debug */,
				E0A1176211D9E3E500B445C8 /* Release */,
			);
			defaultConfigurationIsVisible = 0;
			defaultConfigurationName = Release;
		};
/* End XCConfigurationList section */
	};
	rootObject = 08FB7793FE84155DC02AAC07 /* Project object */;
}
